// !$*UTF8*$!
{
	archiveVersion = 1;
	classes = {
	};
	objectVersion = 46;
	objects = {

/* Begin PBXBuildFile section */
		B68243131E58E1CB0011350B /* AppDelegate.swift in Sources */ = {isa = PBXBuildFile; fileRef = B68243121E58E1CB0011350B /* AppDelegate.swift */; };
		B68243151E58E1CB0011350B /* ViewController.swift in Sources */ = {isa = PBXBuildFile; fileRef = B68243141E58E1CB0011350B /* ViewController.swift */; };
		B68243181E58E1CB0011350B /* Main.storyboard in Resources */ = {isa = PBXBuildFile; fileRef = B68243161E58E1CB0011350B /* Main.storyboard */; };
		B682431A1E58E1CB0011350B /* Assets.xcassets in Resources */ = {isa = PBXBuildFile; fileRef = B68243191E58E1CB0011350B /* Assets.xcassets */; };
		B682431D1E58E1CB0011350B /* LaunchScreen.storyboard in Resources */ = {isa = PBXBuildFile; fileRef = B682431B1E58E1CB0011350B /* LaunchScreen.storyboard */; };
/* End PBXBuildFile section */

/* Begin PBXFileReference section */
		B682430F1E58E1CB0011350B /* KozMonitor.app */ = {isa = PBXFileReference; explicitFileType = wrapper.application; includeInIndex = 0; path = KozMonitor.app; sourceTree = BUILT_PRODUCTS_DIR; };
		B68243121E58E1CB0011350B /* AppDelegate.swift */ = {isa = PBXFileReference; lastKnownFileType = sourcecode.swift; path = AppDelegate.swift; sourceTree = "<group>"; };
		B68243141E58E1CB0011350B /* ViewController.swift */ = {isa = PBXFileReference; lastKnownFileType = sourcecode.swift; path = ViewController.swift; sourceTree = "<group>"; };
		B68243171E58E1CB0011350B /* Base */ = {isa = PBXFileReference; lastKnownFileType = file.storyboard; name = Base; path = Base.lproj/Main.storyboard; sourceTree = "<group>"; };
		B68243191E58E1CB0011350B /* Assets.xcassets */ = {isa = PBXFileReference; lastKnownFileType = folder.assetcatalog; path = Assets.xcassets; sourceTree = "<group>"; };
		B682431C1E58E1CB0011350B /* Base */ = {isa = PBXFileReference; lastKnownFileType = file.storyboard; name = Base; path = Base.lproj/LaunchScreen.storyboard; sourceTree = "<group>"; };
		B682431E1E58E1CB0011350B /* Info.plist */ = {isa = PBXFileReference; lastKnownFileType = text.plist.xml; path = Info.plist; sourceTree = "<group>"; };
/* End PBXFileReference section */

/* Begin PBXFrameworksBuildPhase section */
		B682430C1E58E1CB0011350B /* Frameworks */ = {
			isa = PBXFrameworksBuildPhase;
			buildActionMask = 2147483647;
			files = (
			);
			runOnlyForDeploymentPostprocessing = 0;
		};
/* End PBXFrameworksBuildPhase section */

/* Begin PBXGroup section */
		B68243061E58E1CB0011350B = {
			isa = PBXGroup;
			children = (
				B68243111E58E1CB0011350B /* KozMonitor */,
				B68243101E58E1CB0011350B /* Products */,
			);
			sourceTree = "<group>";
		};
		B68243101E58E1CB0011350B /* Products */ = {
			isa = PBXGroup;
			children = (
				B682430F1E58E1CB0011350B /* KozMonitor.app */,
			);
			name = Products;
			sourceTree = "<group>";
		};
		B68243111E58E1CB0011350B /* KozMonitor */ = {
			isa = PBXGroup;
			children = (
				B68243121E58E1CB0011350B /* AppDelegate.swift */,
				B68243141E58E1CB0011350B /* ViewController.swift */,
				B68243161E58E1CB0011350B /* Main.storyboard */,
				B68243191E58E1CB0011350B /* Assets.xcassets */,
				B682431B1E58E1CB0011350B /* LaunchScreen.storyboard */,
				B682431E1E58E1CB0011350B /* Info.plist */,
			);
			path = KozMonitor;
			sourceTree = "<group>";
		};
/* End PBXGroup section */

/* Begin PBXNativeTarget section */
		B682430E1E58E1CB0011350B /* KozMonitor */ = {
			isa = PBXNativeTarget;
			buildConfigurationList = B68243211E58E1CB0011350B /* Build configuration list for PBXNativeTarget "KozMonitor" */;
			buildPhases = (
				B682430B1E58E1CB0011350B /* Sources */,
				B682430C1E58E1CB0011350B /* Frameworks */,
				B682430D1E58E1CB0011350B /* Resources */,
			);
			buildRules = (
			);
			dependencies = (
			);
			name = KozMonitor;
			productName = KozMonitor;
			productReference = B682430F1E58E1CB0011350B /* KozMonitor.app */;
			productType = "com.apple.product-type.application";
		};
/* End PBXNativeTarget section */

/* Begin PBXProject section */
		B68243071E58E1CB0011350B /* Project object */ = {
			isa = PBXProject;
			attributes = {
				LastSwiftUpdateCheck = 0820;
				LastUpgradeCheck = 0820;
				ORGANIZATIONNAME = Kozinga;
				TargetAttributes = {
					B682430E1E58E1CB0011350B = {
						CreatedOnToolsVersion = 8.2.1;
						DevelopmentTeam = 6SS93B87P2;
						ProvisioningStyle = Automatic;
					};
				};
			};
			buildConfigurationList = B682430A1E58E1CB0011350B /* Build configuration list for PBXProject "KozMonitor" */;
			compatibilityVersion = "Xcode 3.2";
			developmentRegion = English;
			hasScannedForEncodings = 0;
			knownRegions = (
				en,
				Base,
			);
			mainGroup = B68243061E58E1CB0011350B;
			productRefGroup = B68243101E58E1CB0011350B /* Products */;
			projectDirPath = "";
			projectRoot = "";
			targets = (
				B682430E1E58E1CB0011350B /* KozMonitor */,
			);
		};
/* End PBXProject section */

/* Begin PBXResourcesBuildPhase section */
		B682430D1E58E1CB0011350B /* Resources */ = {
			isa = PBXResourcesBuildPhase;
			buildActionMask = 2147483647;
			files = (
				B682431D1E58E1CB0011350B /* LaunchScreen.storyboard in Resources */,
				B682431A1E58E1CB0011350B /* Assets.xcassets in Resources */,
				B68243181E58E1CB0011350B /* Main.storyboard in Resources */,
			);
			runOnlyForDeploymentPostprocessing = 0;
		};
/* End PBXResourcesBuildPhase section */

/* Begin PBXSourcesBuildPhase section */
		B682430B1E58E1CB0011350B /* Sources */ = {
			isa = PBXSourcesBuildPhase;
			buildActionMask = 2147483647;
			files = (
				B68243151E58E1CB0011350B /* ViewController.swift in Sources */,
				B68243131E58E1CB0011350B /* AppDelegate.swift in Sources */,
			);
			runOnlyForDeploymentPostprocessing = 0;
		};
/* End PBXSourcesBuildPhase section */

/* Begin PBXVariantGroup section */
		B68243161E58E1CB0011350B /* Main.storyboard */ = {
			isa = PBXVariantGroup;
			children = (
				B68243171E58E1CB0011350B /* Base */,
			);
			name = Main.storyboard;
			sourceTree = "<group>";
		};
		B682431B1E58E1CB0011350B /* LaunchScreen.storyboard */ = {
			isa = PBXVariantGroup;
			children = (
				B682431C1E58E1CB0011350B /* Base */,
			);
			name = LaunchScreen.storyboard;
			sourceTree = "<group>";
		};
/* End PBXVariantGroup section */

/* Begin XCBuildConfiguration section */
		B682431F1E58E1CB0011350B /* Debug */ = {
			isa = XCBuildConfiguration;
			buildSettings = {
				ALWAYS_SEARCH_USER_PATHS = NO;
				CLANG_ANALYZER_NONNULL = YES;
				CLANG_CXX_LANGUAGE_STANDARD = "gnu++0x";
				CLANG_CXX_LIBRARY = "libc++";
				CLANG_ENABLE_MODULES = YES;
				CLANG_ENABLE_OBJC_ARC = YES;
				CLANG_WARN_BOOL_CONVERSION = YES;
				CLANG_WARN_CONSTANT_CONVERSION = YES;
				CLANG_WARN_DIRECT_OBJC_ISA_USAGE = YES_ERROR;
				CLANG_WARN_DOCUMENTATION_COMMENTS = YES;
				CLANG_WARN_EMPTY_BODY = YES;
				CLANG_WARN_ENUM_CONVERSION = YES;
				CLANG_WARN_INFINITE_RECURSION = YES;
				CLANG_WARN_INT_CONVERSION = YES;
				CLANG_WARN_OBJC_ROOT_CLASS = YES_ERROR;
				CLANG_WARN_SUSPICIOUS_MOVE = YES;
				CLANG_WARN_UNREACHABLE_CODE = YES;
				CLANG_WARN__DUPLICATE_METHOD_MATCH = YES;
				"CODE_SIGN_IDENTITY[sdk=iphoneos*]" = "iPhone Developer";
				COPY_PHASE_STRIP = NO;
				DEBUG_INFORMATION_FORMAT = dwarf;
				ENABLE_STRICT_OBJC_MSGSEND = YES;
				ENABLE_TESTABILITY = YES;
				GCC_C_LANGUAGE_STANDARD = gnu99;
				GCC_DYNAMIC_NO_PIC = NO;
				GCC_NO_COMMON_BLOCKS = YES;
				GCC_OPTIMIZATION_LEVEL = 0;
				GCC_PREPROCESSOR_DEFINITIONS = (
					"DEBUG=1",
					"$(inherited)",
				);
				GCC_WARN_64_TO_32_BIT_CONVERSION = YES;
				GCC_WARN_ABOUT_RETURN_TYPE = YES_ERROR;
				GCC_WARN_UNDECLARED_SELECTOR = YES;
				GCC_WARN_UNINITIALIZED_AUTOS = YES_AGGRESSIVE;
				GCC_WARN_UNUSED_FUNCTION = YES;
				GCC_WARN_UNUSED_VARIABLE = YES;
				IPHONEOS_DEPLOYMENT_TARGET = 10.2;
				MTL_ENABLE_DEBUG_INFO = YES;
				ONLY_ACTIVE_ARCH = YES;
				SDKROOT = iphoneos;
				SWIFT_ACTIVE_COMPILATION_CONDITIONS = DEBUG;
				SWIFT_OPTIMIZATION_LEVEL = "-Onone";
				TARGETED_DEVICE_FAMILY = "1,2";
			};
			name = Debug;
		};
		B68243201E58E1CB0011350B /* Release */ = {
			isa = XCBuildConfiguration;
			buildSettings = {
				ALWAYS_SEARCH_USER_PATHS = NO;
				CLANG_ANALYZER_NONNULL = YES;
				CLANG_CXX_LANGUAGE_STANDARD = "gnu++0x";
				CLANG_CXX_LIBRARY = "libc++";
				CLANG_ENABLE_MODULES = YES;
				CLANG_ENABLE_OBJC_ARC = YES;
				CLANG_WARN_BOOL_CONVERSION = YES;
				CLANG_WARN_CONSTANT_CONVERSION = YES;
				CLANG_WARN_DIRECT_OBJC_ISA_USAGE = YES_ERROR;
				CLANG_WARN_DOCUMENTATION_COMMENTS = YES;
				CLANG_WARN_EMPTY_BODY = YES;
				CLANG_WARN_ENUM_CONVERSION = YES;
				CLANG_WARN_INFINITE_RECURSION = YES;
				CLANG_WARN_INT_CONVERSION = YES;
				CLANG_WARN_OBJC_ROOT_CLASS = YES_ERROR;
				CLANG_WARN_SUSPICIOUS_MOVE = YES;
				CLANG_WARN_UNREACHABLE_CODE = YES;
				CLANG_WARN__DUPLICATE_METHOD_MATCH = YES;
				"CODE_SIGN_IDENTITY[sdk=iphoneos*]" = "iPhone Developer";
				COPY_PHASE_STRIP = NO;
				DEBUG_INFORMATION_FORMAT = "dwarf-with-dsym";
				ENABLE_NS_ASSERTIONS = NO;
				ENABLE_STRICT_OBJC_MSGSEND = YES;
				GCC_C_LANGUAGE_STANDARD = gnu99;
				GCC_NO_COMMON_BLOCKS = YES;
				GCC_WARN_64_TO_32_BIT_CONVERSION = YES;
				GCC_WARN_ABOUT_RETURN_TYPE = YES_ERROR;
				GCC_WARN_UNDECLARED_SELECTOR = YES;
				GCC_WARN_UNINITIALIZED_AUTOS = YES_AGGRESSIVE;
				GCC_WARN_UNUSED_FUNCTION = YES;
				GCC_WARN_UNUSED_VARIABLE = YES;
				IPHONEOS_DEPLOYMENT_TARGET = 10.2;
				MTL_ENABLE_DEBUG_INFO = NO;
				SDKROOT = iphoneos;
				SWIFT_OPTIMIZATION_LEVEL = "-Owholemodule";
				TARGETED_DEVICE_FAMILY = "1,2";
				VALIDATE_PRODUCT = YES;
			};
			name = Release;
		};
		B68243221E58E1CB0011350B /* Debug */ = {
			isa = XCBuildConfiguration;
			buildSettings = {
				ASSETCATALOG_COMPILER_APPICON_NAME = AppIcon;
				DEVELOPMENT_TEAM = 6SS93B87P2;
				INFOPLIST_FILE = KozMonitor/Info.plist;
				LD_RUNPATH_SEARCH_PATHS = "$(inherited) @executable_path/Frameworks";
				PRODUCT_BUNDLE_IDENTIFIER = com.kozinga.KozMonitor;
				PRODUCT_NAME = "$(TARGET_NAME)";
				SWIFT_VERSION = 3.0;
			};
			name = Debug;
		};
		B68243231E58E1CB0011350B /* Release */ = {
			isa = XCBuildConfiguration;
			buildSettings = {
				ASSETCATALOG_COMPILER_APPICON_NAME = AppIcon;
				DEVELOPMENT_TEAM = 6SS93B87P2;
				INFOPLIST_FILE = KozMonitor/Info.plist;
				LD_RUNPATH_SEARCH_PATHS = "$(inherited) @executable_path/Frameworks";
				PRODUCT_BUNDLE_IDENTIFIER = com.kozinga.KozMonitor;
				PRODUCT_NAME = "$(TARGET_NAME)";
				SWIFT_VERSION = 3.0;
			};
			name = Release;
		};
/* End XCBuildConfiguration section */

/* Begin XCConfigurationList section */
		B682430A1E58E1CB0011350B /* Build configuration list for PBXProject "KozMonitor" */ = {
			isa = XCConfigurationList;
			buildConfigurations = (
				B682431F1E58E1CB0011350B /* Debug */,
				B68243201E58E1CB0011350B /* Release */,
			);
			defaultConfigurationIsVisible = 0;
			defaultConfigurationName = Release;
		};
		B68243211E58E1CB0011350B /* Build configuration list for PBXNativeTarget "KozMonitor" */ = {
			isa = XCConfigurationList;
			buildConfigurations = (
				B68243221E58E1CB0011350B /* Debug */,
				B68243231E58E1CB0011350B /* Release */,
			);
			defaultConfigurationIsVisible = 0;
		};
/* End XCConfigurationList section */
	};
	rootObject = B68243071E58E1CB0011350B /* Project object */;
}
