// !$*UTF8*$!
{
	archiveVersion = 1;
	classes = {
	};
	objectVersion = 46;
	objects = {

/* Begin PBXBuildFile section */
		B68243131E58E1CB0011350B /* AppDelegate.swift in Sources */ = {isa = PBXBuildFile; fileRef = B68243121E58E1CB0011350B /* AppDelegate.swift */; };
		B68243181E58E1CB0011350B /* Main.storyboard in Resources */ = {isa = PBXBuildFile; fileRef = B68243161E58E1CB0011350B /* Main.storyboard */; };
		B682431A1E58E1CB0011350B /* Assets.xcassets in Resources */ = {isa = PBXBuildFile; fileRef = B68243191E58E1CB0011350B /* Assets.xcassets */; };
		B682431D1E58E1CB0011350B /* LaunchScreen.storyboard in Resources */ = {isa = PBXBuildFile; fileRef = B682431B1E58E1CB0011350B /* LaunchScreen.storyboard */; };
		B682432A1E58F1F70011350B /* MyClassProtocol.swift in Sources */ = {isa = PBXBuildFile; fileRef = B68243291E58F1F70011350B /* MyClassProtocol.swift */; };
		B682432D1E5913980011350B /* MyDataManager.swift in Sources */ = {isa = PBXBuildFile; fileRef = B682432C1E5913980011350B /* MyDataManager.swift */; };
		B682432F1E5913C50011350B /* MyManagedObjectProtocol.swift in Sources */ = {isa = PBXBuildFile; fileRef = B682432E1E5913C50011350B /* MyManagedObjectProtocol.swift */; };
		B682433B1E5918B60011350B /* FetchEvent.swift in Sources */ = {isa = PBXBuildFile; fileRef = B68243351E5918B60011350B /* FetchEvent.swift */; };
		B682433D1E5918B60011350B /* FetchSession.swift in Sources */ = {isa = PBXBuildFile; fileRef = B68243371E5918B60011350B /* FetchSession.swift */; };
		B682433F1E5918B60011350B /* Global.swift in Sources */ = {isa = PBXBuildFile; fileRef = B68243391E5918B60011350B /* Global.swift */; };
		B68243411E5927640011350B /* CollectionListViewController.swift in Sources */ = {isa = PBXBuildFile; fileRef = B68243401E5927640011350B /* CollectionListViewController.swift */; };
		B68243431E59279F0011350B /* MyViewControllerIdentifierProtocol.swift in Sources */ = {isa = PBXBuildFile; fileRef = B68243421E59279F0011350B /* MyViewControllerIdentifierProtocol.swift */; };
		B68243451E5927C20011350B /* PresentableController.swift in Sources */ = {isa = PBXBuildFile; fileRef = B68243441E5927C20011350B /* PresentableController.swift */; };
		B68243481E5927E60011350B /* UIViewController+Util.swift in Sources */ = {isa = PBXBuildFile; fileRef = B68243471E5927E60011350B /* UIViewController+Util.swift */; };
		B682434A1E5928010011350B /* UIView+Util.swift in Sources */ = {isa = PBXBuildFile; fileRef = B68243491E5928010011350B /* UIView+Util.swift */; };
		B682434D1E5929D90011350B /* MyViewController.swift in Sources */ = {isa = PBXBuildFile; fileRef = B682434C1E5929D90011350B /* MyViewController.swift */; };
		B682434F1E5929F10011350B /* MyTableViewController.swift in Sources */ = {isa = PBXBuildFile; fileRef = B682434E1E5929F10011350B /* MyTableViewController.swift */; };
		B68243511E5929F80011350B /* MyCollectionViewController.swift in Sources */ = {isa = PBXBuildFile; fileRef = B68243501E5929F80011350B /* MyCollectionViewController.swift */; };
		B68243531E592A020011350B /* MyNavigationController.swift in Sources */ = {isa = PBXBuildFile; fileRef = B68243521E592A020011350B /* MyNavigationController.swift */; };
		B68243551E592BB00011350B /* UIDevice+Util.swift in Sources */ = {isa = PBXBuildFile; fileRef = B68243541E592BB00011350B /* UIDevice+Util.swift */; };
		B68243581E592BFE0011350B /* LeftMenuPresentationManager.swift in Sources */ = {isa = PBXBuildFile; fileRef = B68243571E592BFE0011350B /* LeftMenuPresentationManager.swift */; };
		B682435A1E5933250011350B /* UIBarButtonItem+Util.swift in Sources */ = {isa = PBXBuildFile; fileRef = B68243591E5933250011350B /* UIBarButtonItem+Util.swift */; };
		B682435C1E5A02C00011350B /* SettingsViewController.swift in Sources */ = {isa = PBXBuildFile; fileRef = B682435B1E5A02C00011350B /* SettingsViewController.swift */; };
		B68243601E5AB1BF0011350B /* Number+Util.swift in Sources */ = {isa = PBXBuildFile; fileRef = B682435F1E5AB1BF0011350B /* Number+Util.swift */; };
		B68243621E5AB2E20011350B /* Date+Util.swift in Sources */ = {isa = PBXBuildFile; fileRef = B68243611E5AB2E20011350B /* Date+Util.swift */; };
		B68243661E5AB9300011350B /* Model.xcdatamodeld in Sources */ = {isa = PBXBuildFile; fileRef = B68243641E5AB9300011350B /* Model.xcdatamodeld */; };
		B68243801E5ABC700011350B /* Global+Static.swift in Sources */ = {isa = PBXBuildFile; fileRef = B682437F1E5ABC700011350B /* Global+Static.swift */; };
		B68243821E5ABCA40011350B /* FetchSession+Static.swift in Sources */ = {isa = PBXBuildFile; fileRef = B68243811E5ABCA40011350B /* FetchSession+Static.swift */; };
		B68243841E5ABCD70011350B /* FetchEvent+Static.swift in Sources */ = {isa = PBXBuildFile; fileRef = B68243831E5ABCD70011350B /* FetchEvent+Static.swift */; };
		B68243861E5AC25F0011350B /* EmptyStateDelegate.swift in Sources */ = {isa = PBXBuildFile; fileRef = B68243851E5AC25F0011350B /* EmptyStateDelegate.swift */; };
		B682438A1E5AC2880011350B /* EmptyStateView.swift in Sources */ = {isa = PBXBuildFile; fileRef = B68243881E5AC2880011350B /* EmptyStateView.swift */; };
		B682438D1E5AC4380011350B /* ItemsReloadable.swift in Sources */ = {isa = PBXBuildFile; fileRef = B682438C1E5AC4380011350B /* ItemsReloadable.swift */; };
		B682438F1E5AC49F0011350B /* EmptyStateView.xib in Resources */ = {isa = PBXBuildFile; fileRef = B682438E1E5AC49F0011350B /* EmptyStateView.xib */; };
		B697073B1E5B8CAC0034A3FB /* MyPresentationManager.swift in Sources */ = {isa = PBXBuildFile; fileRef = B697073A1E5B8CAB0034A3FB /* MyPresentationManager.swift */; };
		B69707431E5B943F0034A3FB /* MyInteractor.swift in Sources */ = {isa = PBXBuildFile; fileRef = B69707421E5B943F0034A3FB /* MyInteractor.swift */; };
		B69707471E5B94650034A3FB /* DragDownDismissInteractor.swift in Sources */ = {isa = PBXBuildFile; fileRef = B69707461E5B94650034A3FB /* DragDownDismissInteractor.swift */; };
		B69707491E5B94750034A3FB /* DragUpDismissInteractor.swift in Sources */ = {isa = PBXBuildFile; fileRef = B69707481E5B94750034A3FB /* DragUpDismissInteractor.swift */; };
		B697074B1E5B947D0034A3FB /* DragLeftDismissInteractor.swift in Sources */ = {isa = PBXBuildFile; fileRef = B697074A1E5B947D0034A3FB /* DragLeftDismissInteractor.swift */; };
		B697074D1E5B94850034A3FB /* DragRightDismissInteractor.swift in Sources */ = {isa = PBXBuildFile; fileRef = B697074C1E5B94850034A3FB /* DragRightDismissInteractor.swift */; };
/* End PBXBuildFile section */

/* Begin PBXFileReference section */
		B682430F1E58E1CB0011350B /* KozMonitor.app */ = {isa = PBXFileReference; explicitFileType = wrapper.application; includeInIndex = 0; path = KozMonitor.app; sourceTree = BUILT_PRODUCTS_DIR; };
		B68243121E58E1CB0011350B /* AppDelegate.swift */ = {isa = PBXFileReference; lastKnownFileType = sourcecode.swift; path = AppDelegate.swift; sourceTree = "<group>"; };
		B68243171E58E1CB0011350B /* Base */ = {isa = PBXFileReference; lastKnownFileType = file.storyboard; name = Base; path = Base.lproj/Main.storyboard; sourceTree = "<group>"; };
		B68243191E58E1CB0011350B /* Assets.xcassets */ = {isa = PBXFileReference; lastKnownFileType = folder.assetcatalog; path = Assets.xcassets; sourceTree = "<group>"; };
		B682431C1E58E1CB0011350B /* Base */ = {isa = PBXFileReference; lastKnownFileType = file.storyboard; name = Base; path = Base.lproj/LaunchScreen.storyboard; sourceTree = "<group>"; };
		B682431E1E58E1CB0011350B /* Info.plist */ = {isa = PBXFileReference; lastKnownFileType = text.plist.xml; path = Info.plist; sourceTree = "<group>"; };
		B68243291E58F1F70011350B /* MyClassProtocol.swift */ = {isa = PBXFileReference; fileEncoding = 4; lastKnownFileType = sourcecode.swift; path = MyClassProtocol.swift; sourceTree = "<group>"; };
		B682432C1E5913980011350B /* MyDataManager.swift */ = {isa = PBXFileReference; fileEncoding = 4; lastKnownFileType = sourcecode.swift; path = MyDataManager.swift; sourceTree = "<group>"; };
		B682432E1E5913C50011350B /* MyManagedObjectProtocol.swift */ = {isa = PBXFileReference; fileEncoding = 4; lastKnownFileType = sourcecode.swift; path = MyManagedObjectProtocol.swift; sourceTree = "<group>"; };
		B68243351E5918B60011350B /* FetchEvent.swift */ = {isa = PBXFileReference; fileEncoding = 4; lastKnownFileType = sourcecode.swift; name = FetchEvent.swift; path = ManagedObjects/FetchEvent.swift; sourceTree = "<group>"; };
		B68243371E5918B60011350B /* FetchSession.swift */ = {isa = PBXFileReference; fileEncoding = 4; lastKnownFileType = sourcecode.swift; name = FetchSession.swift; path = ManagedObjects/FetchSession.swift; sourceTree = "<group>"; };
		B68243391E5918B60011350B /* Global.swift */ = {isa = PBXFileReference; fileEncoding = 4; lastKnownFileType = sourcecode.swift; name = Global.swift; path = ManagedObjects/Global.swift; sourceTree = "<group>"; };
		B68243401E5927640011350B /* CollectionListViewController.swift */ = {isa = PBXFileReference; fileEncoding = 4; lastKnownFileType = sourcecode.swift; path = CollectionListViewController.swift; sourceTree = "<group>"; };
		B68243421E59279F0011350B /* MyViewControllerIdentifierProtocol.swift */ = {isa = PBXFileReference; fileEncoding = 4; lastKnownFileType = sourcecode.swift; path = MyViewControllerIdentifierProtocol.swift; sourceTree = "<group>"; };
		B68243441E5927C20011350B /* PresentableController.swift */ = {isa = PBXFileReference; fileEncoding = 4; lastKnownFileType = sourcecode.swift; path = PresentableController.swift; sourceTree = "<group>"; };
		B68243471E5927E60011350B /* UIViewController+Util.swift */ = {isa = PBXFileReference; fileEncoding = 4; lastKnownFileType = sourcecode.swift; path = "UIViewController+Util.swift"; sourceTree = "<group>"; };
		B68243491E5928010011350B /* UIView+Util.swift */ = {isa = PBXFileReference; fileEncoding = 4; lastKnownFileType = sourcecode.swift; path = "UIView+Util.swift"; sourceTree = "<group>"; };
		B682434C1E5929D90011350B /* MyViewController.swift */ = {isa = PBXFileReference; fileEncoding = 4; lastKnownFileType = sourcecode.swift; path = MyViewController.swift; sourceTree = "<group>"; };
		B682434E1E5929F10011350B /* MyTableViewController.swift */ = {isa = PBXFileReference; fileEncoding = 4; lastKnownFileType = sourcecode.swift; path = MyTableViewController.swift; sourceTree = "<group>"; };
		B68243501E5929F80011350B /* MyCollectionViewController.swift */ = {isa = PBXFileReference; fileEncoding = 4; lastKnownFileType = sourcecode.swift; path = MyCollectionViewController.swift; sourceTree = "<group>"; };
		B68243521E592A020011350B /* MyNavigationController.swift */ = {isa = PBXFileReference; fileEncoding = 4; lastKnownFileType = sourcecode.swift; path = MyNavigationController.swift; sourceTree = "<group>"; };
		B68243541E592BB00011350B /* UIDevice+Util.swift */ = {isa = PBXFileReference; fileEncoding = 4; lastKnownFileType = sourcecode.swift; path = "UIDevice+Util.swift"; sourceTree = "<group>"; };
		B68243571E592BFE0011350B /* LeftMenuPresentationManager.swift */ = {isa = PBXFileReference; fileEncoding = 4; lastKnownFileType = sourcecode.swift; path = LeftMenuPresentationManager.swift; sourceTree = "<group>"; };
		B68243591E5933250011350B /* UIBarButtonItem+Util.swift */ = {isa = PBXFileReference; fileEncoding = 4; lastKnownFileType = sourcecode.swift; path = "UIBarButtonItem+Util.swift"; sourceTree = "<group>"; };
		B682435B1E5A02C00011350B /* SettingsViewController.swift */ = {isa = PBXFileReference; fileEncoding = 4; lastKnownFileType = sourcecode.swift; path = SettingsViewController.swift; sourceTree = "<group>"; };
		B682435F1E5AB1BF0011350B /* Number+Util.swift */ = {isa = PBXFileReference; fileEncoding = 4; lastKnownFileType = sourcecode.swift; path = "Number+Util.swift"; sourceTree = "<group>"; };
		B68243611E5AB2E20011350B /* Date+Util.swift */ = {isa = PBXFileReference; fileEncoding = 4; lastKnownFileType = sourcecode.swift; path = "Date+Util.swift"; sourceTree = "<group>"; };
		B68243651E5AB9300011350B /* Model.xcdatamodel */ = {isa = PBXFileReference; lastKnownFileType = wrapper.xcdatamodel; path = Model.xcdatamodel; sourceTree = "<group>"; };
		B682437F1E5ABC700011350B /* Global+Static.swift */ = {isa = PBXFileReference; fileEncoding = 4; lastKnownFileType = sourcecode.swift; path = "Global+Static.swift"; sourceTree = "<group>"; };
		B68243811E5ABCA40011350B /* FetchSession+Static.swift */ = {isa = PBXFileReference; fileEncoding = 4; lastKnownFileType = sourcecode.swift; path = "FetchSession+Static.swift"; sourceTree = "<group>"; };
		B68243831E5ABCD70011350B /* FetchEvent+Static.swift */ = {isa = PBXFileReference; fileEncoding = 4; lastKnownFileType = sourcecode.swift; path = "FetchEvent+Static.swift"; sourceTree = "<group>"; };
		B68243851E5AC25F0011350B /* EmptyStateDelegate.swift */ = {isa = PBXFileReference; fileEncoding = 4; lastKnownFileType = sourcecode.swift; path = EmptyStateDelegate.swift; sourceTree = "<group>"; };
		B68243881E5AC2880011350B /* EmptyStateView.swift */ = {isa = PBXFileReference; fileEncoding = 4; lastKnownFileType = sourcecode.swift; path = EmptyStateView.swift; sourceTree = "<group>"; };
		B682438C1E5AC4380011350B /* ItemsReloadable.swift */ = {isa = PBXFileReference; fileEncoding = 4; lastKnownFileType = sourcecode.swift; path = ItemsReloadable.swift; sourceTree = "<group>"; };
		B682438E1E5AC49F0011350B /* EmptyStateView.xib */ = {isa = PBXFileReference; fileEncoding = 4; lastKnownFileType = file.xib; path = EmptyStateView.xib; sourceTree = "<group>"; };
		B697073A1E5B8CAB0034A3FB /* MyPresentationManager.swift */ = {isa = PBXFileReference; fileEncoding = 4; lastKnownFileType = sourcecode.swift; path = MyPresentationManager.swift; sourceTree = "<group>"; };
		B69707421E5B943F0034A3FB /* MyInteractor.swift */ = {isa = PBXFileReference; fileEncoding = 4; lastKnownFileType = sourcecode.swift; path = MyInteractor.swift; sourceTree = "<group>"; };
		B69707461E5B94650034A3FB /* DragDownDismissInteractor.swift */ = {isa = PBXFileReference; fileEncoding = 4; lastKnownFileType = sourcecode.swift; path = DragDownDismissInteractor.swift; sourceTree = "<group>"; };
		B69707481E5B94750034A3FB /* DragUpDismissInteractor.swift */ = {isa = PBXFileReference; fileEncoding = 4; lastKnownFileType = sourcecode.swift; path = DragUpDismissInteractor.swift; sourceTree = "<group>"; };
		B697074A1E5B947D0034A3FB /* DragLeftDismissInteractor.swift */ = {isa = PBXFileReference; fileEncoding = 4; lastKnownFileType = sourcecode.swift; path = DragLeftDismissInteractor.swift; sourceTree = "<group>"; };
		B697074C1E5B94850034A3FB /* DragRightDismissInteractor.swift */ = {isa = PBXFileReference; fileEncoding = 4; lastKnownFileType = sourcecode.swift; path = DragRightDismissInteractor.swift; sourceTree = "<group>"; };
/* End PBXFileReference section */

/* Begin PBXFrameworksBuildPhase section */
		B682430C1E58E1CB0011350B /* Frameworks */ = {
			isa = PBXFrameworksBuildPhase;
			buildActionMask = 2147483647;
			files = (
			);
			runOnlyForDeploymentPostprocessing = 0;
		};
/* End PBXFrameworksBuildPhase section */

/* Begin PBXGroup section */
		B68243061E58E1CB0011350B = {
			isa = PBXGroup;
			children = (
				B68243111E58E1CB0011350B /* KozMonitor */,
				B68243101E58E1CB0011350B /* Products */,
			);
			sourceTree = "<group>";
		};
		B68243101E58E1CB0011350B /* Products */ = {
			isa = PBXGroup;
			children = (
				B682430F1E58E1CB0011350B /* KozMonitor.app */,
			);
			name = Products;
			sourceTree = "<group>";
		};
		B68243111E58E1CB0011350B /* KozMonitor */ = {
			isa = PBXGroup;
			children = (
				B68243121E58E1CB0011350B /* AppDelegate.swift */,
				B68243241E58E2130011350B /* Common */,
				B68243251E58E21A0011350B /* View */,
				B68243261E58E21F0011350B /* Controller */,
				B68243271E58E2300011350B /* Supporting Files */,
			);
			path = KozMonitor;
			sourceTree = "<group>";
		};
		B68243241E58E2130011350B /* Common */ = {
			isa = PBXGroup;
			children = (
				B68243561E592BE00011350B /* Custom Transitions */,
				B68243281E58F1EC0011350B /* Protocols */,
				B682432B1E5913870011350B /* Model */,
				B68243461E5927C90011350B /* Extensions */,
				B682434B1E5929CF0011350B /* Common Controllers */,
			);
			name = Common;
			sourceTree = "<group>";
		};
		B68243251E58E21A0011350B /* View */ = {
			isa = PBXGroup;
			children = (
				B68243161E58E1CB0011350B /* Main.storyboard */,
				B68243871E5AC27B0011350B /* Empty State */,
			);
			name = View;
			sourceTree = "<group>";
		};
		B68243261E58E21F0011350B /* Controller */ = {
			isa = PBXGroup;
			children = (
				B68243401E5927640011350B /* CollectionListViewController.swift */,
				B682435B1E5A02C00011350B /* SettingsViewController.swift */,
			);
			name = Controller;
			sourceTree = "<group>";
		};
		B68243271E58E2300011350B /* Supporting Files */ = {
			isa = PBXGroup;
			children = (
				B68243191E58E1CB0011350B /* Assets.xcassets */,
				B682431B1E58E1CB0011350B /* LaunchScreen.storyboard */,
				B682431E1E58E1CB0011350B /* Info.plist */,
			);
			name = "Supporting Files";
			sourceTree = "<group>";
		};
		B68243281E58F1EC0011350B /* Protocols */ = {
			isa = PBXGroup;
			children = (
				B68243441E5927C20011350B /* PresentableController.swift */,
				B68243291E58F1F70011350B /* MyClassProtocol.swift */,
				B68243421E59279F0011350B /* MyViewControllerIdentifierProtocol.swift */,
				B682438C1E5AC4380011350B /* ItemsReloadable.swift */,
				B68243851E5AC25F0011350B /* EmptyStateDelegate.swift */,
			);
			name = Protocols;
			sourceTree = "<group>";
		};
		B682432B1E5913870011350B /* Model */ = {
			isa = PBXGroup;
			children = (
				B68243641E5AB9300011350B /* Model.xcdatamodeld */,
				B682432C1E5913980011350B /* MyDataManager.swift */,
				B682432E1E5913C50011350B /* MyManagedObjectProtocol.swift */,
				B68243301E5917080011350B /* Managed Objects */,
			);
			name = Model;
			sourceTree = "<group>";
		};
		B68243301E5917080011350B /* Managed Objects */ = {
			isa = PBXGroup;
			children = (
				B682437F1E5ABC700011350B /* Global+Static.swift */,
				B68243391E5918B60011350B /* Global.swift */,
				B68243811E5ABCA40011350B /* FetchSession+Static.swift */,
				B68243371E5918B60011350B /* FetchSession.swift */,
				B68243831E5ABCD70011350B /* FetchEvent+Static.swift */,
				B68243351E5918B60011350B /* FetchEvent.swift */,
			);
			name = "Managed Objects";
			sourceTree = "<group>";
		};
		B68243461E5927C90011350B /* Extensions */ = {
			isa = PBXGroup;
			children = (
				B68243471E5927E60011350B /* UIViewController+Util.swift */,
				B68243491E5928010011350B /* UIView+Util.swift */,
				B68243541E592BB00011350B /* UIDevice+Util.swift */,
				B68243591E5933250011350B /* UIBarButtonItem+Util.swift */,
				B682435F1E5AB1BF0011350B /* Number+Util.swift */,
				B68243611E5AB2E20011350B /* Date+Util.swift */,
			);
			name = Extensions;
			sourceTree = "<group>";
		};
		B682434B1E5929CF0011350B /* Common Controllers */ = {
			isa = PBXGroup;
			children = (
				B682434C1E5929D90011350B /* MyViewController.swift */,
				B682434E1E5929F10011350B /* MyTableViewController.swift */,
				B68243501E5929F80011350B /* MyCollectionViewController.swift */,
				B68243521E592A020011350B /* MyNavigationController.swift */,
			);
			name = "Common Controllers";
			sourceTree = "<group>";
		};
		B68243561E592BE00011350B /* Custom Transitions */ = {
			isa = PBXGroup;
			children = (
				B697073A1E5B8CAB0034A3FB /* MyPresentationManager.swift */,
				B68243571E592BFE0011350B /* LeftMenuPresentationManager.swift */,
				B69707411E5B94230034A3FB /* Drag Dismissible */,
			);
			name = "Custom Transitions";
			sourceTree = "<group>";
		};
		B68243871E5AC27B0011350B /* Empty State */ = {
			isa = PBXGroup;
			children = (
				B68243881E5AC2880011350B /* EmptyStateView.swift */,
				B682438E1E5AC49F0011350B /* EmptyStateView.xib */,
			);
			name = "Empty State";
			sourceTree = "<group>";
		};
		B69707411E5B94230034A3FB /* Drag Dismissible */ = {
			isa = PBXGroup;
			children = (
				B69707421E5B943F0034A3FB /* MyInteractor.swift */,
				B69707461E5B94650034A3FB /* DragDownDismissInteractor.swift */,
				B69707481E5B94750034A3FB /* DragUpDismissInteractor.swift */,
				B697074A1E5B947D0034A3FB /* DragLeftDismissInteractor.swift */,
				B697074C1E5B94850034A3FB /* DragRightDismissInteractor.swift */,
			);
			name = "Drag Dismissible";
			sourceTree = "<group>";
		};
/* End PBXGroup section */

/* Begin PBXNativeTarget section */
		B682430E1E58E1CB0011350B /* KozMonitor */ = {
			isa = PBXNativeTarget;
			buildConfigurationList = B68243211E58E1CB0011350B /* Build configuration list for PBXNativeTarget "KozMonitor" */;
			buildPhases = (
				B682430B1E58E1CB0011350B /* Sources */,
				B682430C1E58E1CB0011350B /* Frameworks */,
				B682430D1E58E1CB0011350B /* Resources */,
				B682435D1E5A34080011350B /* Set Build Number */,
			);
			buildRules = (
			);
			dependencies = (
			);
			name = KozMonitor;
			productName = KozMonitor;
			productReference = B682430F1E58E1CB0011350B /* KozMonitor.app */;
			productType = "com.apple.product-type.application";
		};
/* End PBXNativeTarget section */

/* Begin PBXProject section */
		B68243071E58E1CB0011350B /* Project object */ = {
			isa = PBXProject;
			attributes = {
				LastSwiftUpdateCheck = 0820;
				LastUpgradeCheck = 0820;
				ORGANIZATIONNAME = Kozinga;
				TargetAttributes = {
					B682430E1E58E1CB0011350B = {
						CreatedOnToolsVersion = 8.2.1;
						DevelopmentTeam = 6SS93B87P2;
						ProvisioningStyle = Automatic;
						SystemCapabilities = {
							com.apple.BackgroundModes = {
								enabled = 1;
							};
						};
					};
				};
			};
			buildConfigurationList = B682430A1E58E1CB0011350B /* Build configuration list for PBXProject "KozMonitor" */;
			compatibilityVersion = "Xcode 3.2";
			developmentRegion = English;
			hasScannedForEncodings = 0;
			knownRegions = (
				en,
				Base,
			);
			mainGroup = B68243061E58E1CB0011350B;
			productRefGroup = B68243101E58E1CB0011350B /* Products */;
			projectDirPath = "";
			projectRoot = "";
			targets = (
				B682430E1E58E1CB0011350B /* KozMonitor */,
			);
		};
/* End PBXProject section */

/* Begin PBXResourcesBuildPhase section */
		B682430D1E58E1CB0011350B /* Resources */ = {
			isa = PBXResourcesBuildPhase;
			buildActionMask = 2147483647;
			files = (
				B682431D1E58E1CB0011350B /* LaunchScreen.storyboard in Resources */,
				B682431A1E58E1CB0011350B /* Assets.xcassets in Resources */,
				B682438F1E5AC49F0011350B /* EmptyStateView.xib in Resources */,
				B68243181E58E1CB0011350B /* Main.storyboard in Resources */,
			);
			runOnlyForDeploymentPostprocessing = 0;
		};
/* End PBXResourcesBuildPhase section */

/* Begin PBXShellScriptBuildPhase section */
		B682435D1E5A34080011350B /* Set Build Number */ = {
			isa = PBXShellScriptBuildPhase;
			buildActionMask = 2147483647;
			files = (
			);
			inputPaths = (
			);
			name = "Set Build Number";
			outputPaths = (
			);
			runOnlyForDeploymentPostprocessing = 0;
			shellPath = /bin/sh;
			shellScript = "#!/bin/bash\n\ngit=$(sh /etc/profile; which git)\nnumber_of_commits=$(\"$git\" rev-list HEAD --count)\ngit_release_version=$(\"$git\" describe --tags --always --abbrev=0)\n\ntarget_plist=\"$TARGET_BUILD_DIR/$INFOPLIST_PATH\"\ndsym_plist=\"$DWARF_DSYM_FOLDER_PATH/$DWARF_DSYM_FILE_NAME/Contents/Info.plist\"\n\nfor plist in \"$target_plist\" \"$dsym_plist\"; do\nif [ -f \"$plist\" ]; then\n# Set build number\n/usr/libexec/PlistBuddy -c \"Set :CFBundleVersion $number_of_commits\" \"$plist\"\n\n# Version (Commented out for now)\n# /usr/libexec/PlistBuddy -c \"Set :CFBundleShortVersionString ${git_release_version#*v}\" \"$plist\"\nfi\ndone\n";
		};
/* End PBXShellScriptBuildPhase section */

/* Begin PBXSourcesBuildPhase section */
		B682430B1E58E1CB0011350B /* Sources */ = {
			isa = PBXSourcesBuildPhase;
			buildActionMask = 2147483647;
			files = (
				B682434A1E5928010011350B /* UIView+Util.swift in Sources */,
				B68243411E5927640011350B /* CollectionListViewController.swift in Sources */,
				B682435C1E5A02C00011350B /* SettingsViewController.swift in Sources */,
				B68243531E592A020011350B /* MyNavigationController.swift in Sources */,
				B682434F1E5929F10011350B /* MyTableViewController.swift in Sources */,
				B68243551E592BB00011350B /* UIDevice+Util.swift in Sources */,
				B682438A1E5AC2880011350B /* EmptyStateView.swift in Sources */,
				B68243131E58E1CB0011350B /* AppDelegate.swift in Sources */,
				B697074D1E5B94850034A3FB /* DragRightDismissInteractor.swift in Sources */,
				B68243451E5927C20011350B /* PresentableController.swift in Sources */,
				B682432F1E5913C50011350B /* MyManagedObjectProtocol.swift in Sources */,
				B68243601E5AB1BF0011350B /* Number+Util.swift in Sources */,
				B68243821E5ABCA40011350B /* FetchSession+Static.swift in Sources */,
				B68243661E5AB9300011350B /* Model.xcdatamodeld in Sources */,
				B68243481E5927E60011350B /* UIViewController+Util.swift in Sources */,
				B69707491E5B94750034A3FB /* DragUpDismissInteractor.swift in Sources */,
				B69707431E5B943F0034A3FB /* MyInteractor.swift in Sources */,
				B68243511E5929F80011350B /* MyCollectionViewController.swift in Sources */,
				B697074B1E5B947D0034A3FB /* DragLeftDismissInteractor.swift in Sources */,
				B68243861E5AC25F0011350B /* EmptyStateDelegate.swift in Sources */,
				B682433D1E5918B60011350B /* FetchSession.swift in Sources */,
				B682433B1E5918B60011350B /* FetchEvent.swift in Sources */,
				B682435A1E5933250011350B /* UIBarButtonItem+Util.swift in Sources */,
				B682432A1E58F1F70011350B /* MyClassProtocol.swift in Sources */,
				B682438D1E5AC4380011350B /* ItemsReloadable.swift in Sources */,
				B68243431E59279F0011350B /* MyViewControllerIdentifierProtocol.swift in Sources */,
				B697073B1E5B8CAC0034A3FB /* MyPresentationManager.swift in Sources */,
				B68243801E5ABC700011350B /* Global+Static.swift in Sources */,
				B682433F1E5918B60011350B /* Global.swift in Sources */,
				B69707471E5B94650034A3FB /* DragDownDismissInteractor.swift in Sources */,
				B68243581E592BFE0011350B /* LeftMenuPresentationManager.swift in Sources */,
				B682434D1E5929D90011350B /* MyViewController.swift in Sources */,
				B68243841E5ABCD70011350B /* FetchEvent+Static.swift in Sources */,
				B68243621E5AB2E20011350B /* Date+Util.swift in Sources */,
				B682432D1E5913980011350B /* MyDataManager.swift in Sources */,
			);
			runOnlyForDeploymentPostprocessing = 0;
		};
/* End PBXSourcesBuildPhase section */

/* Begin PBXVariantGroup section */
		B68243161E58E1CB0011350B /* Main.storyboard */ = {
			isa = PBXVariantGroup;
			children = (
				B68243171E58E1CB0011350B /* Base */,
			);
			name = Main.storyboard;
			sourceTree = "<group>";
		};
		B682431B1E58E1CB0011350B /* LaunchScreen.storyboard */ = {
			isa = PBXVariantGroup;
			children = (
				B682431C1E58E1CB0011350B /* Base */,
			);
			name = LaunchScreen.storyboard;
			sourceTree = "<group>";
		};
/* End PBXVariantGroup section */

/* Begin XCBuildConfiguration section */
		B682431F1E58E1CB0011350B /* Debug */ = {
			isa = XCBuildConfiguration;
			buildSettings = {
				ALWAYS_SEARCH_USER_PATHS = NO;
				CLANG_ANALYZER_NONNULL = YES;
				CLANG_CXX_LANGUAGE_STANDARD = "gnu++0x";
				CLANG_CXX_LIBRARY = "libc++";
				CLANG_ENABLE_MODULES = YES;
				CLANG_ENABLE_OBJC_ARC = YES;
				CLANG_WARN_BOOL_CONVERSION = YES;
				CLANG_WARN_CONSTANT_CONVERSION = YES;
				CLANG_WARN_DIRECT_OBJC_ISA_USAGE = YES_ERROR;
				CLANG_WARN_DOCUMENTATION_COMMENTS = YES;
				CLANG_WARN_EMPTY_BODY = YES;
				CLANG_WARN_ENUM_CONVERSION = YES;
				CLANG_WARN_INFINITE_RECURSION = YES;
				CLANG_WARN_INT_CONVERSION = YES;
				CLANG_WARN_OBJC_ROOT_CLASS = YES_ERROR;
				CLANG_WARN_SUSPICIOUS_MOVE = YES;
				CLANG_WARN_UNREACHABLE_CODE = YES;
				CLANG_WARN__DUPLICATE_METHOD_MATCH = YES;
				"CODE_SIGN_IDENTITY[sdk=iphoneos*]" = "iPhone Developer";
				COPY_PHASE_STRIP = NO;
				DEBUG_INFORMATION_FORMAT = dwarf;
				ENABLE_STRICT_OBJC_MSGSEND = YES;
				ENABLE_TESTABILITY = YES;
				GCC_C_LANGUAGE_STANDARD = gnu99;
				GCC_DYNAMIC_NO_PIC = NO;
				GCC_NO_COMMON_BLOCKS = YES;
				GCC_OPTIMIZATION_LEVEL = 0;
				GCC_PREPROCESSOR_DEFINITIONS = (
					"DEBUG=1",
					"$(inherited)",
				);
				GCC_WARN_64_TO_32_BIT_CONVERSION = YES;
				GCC_WARN_ABOUT_RETURN_TYPE = YES_ERROR;
				GCC_WARN_UNDECLARED_SELECTOR = YES;
				GCC_WARN_UNINITIALIZED_AUTOS = YES_AGGRESSIVE;
				GCC_WARN_UNUSED_FUNCTION = YES;
				GCC_WARN_UNUSED_VARIABLE = YES;
				IPHONEOS_DEPLOYMENT_TARGET = 10.2;
				MTL_ENABLE_DEBUG_INFO = YES;
				ONLY_ACTIVE_ARCH = YES;
				SDKROOT = iphoneos;
				SWIFT_ACTIVE_COMPILATION_CONDITIONS = DEBUG;
				SWIFT_OPTIMIZATION_LEVEL = "-Onone";
				TARGETED_DEVICE_FAMILY = "1,2";
			};
			name = Debug;
		};
		B68243201E58E1CB0011350B /* Release */ = {
			isa = XCBuildConfiguration;
			buildSettings = {
				ALWAYS_SEARCH_USER_PATHS = NO;
				CLANG_ANALYZER_NONNULL = YES;
				CLANG_CXX_LANGUAGE_STANDARD = "gnu++0x";
				CLANG_CXX_LIBRARY = "libc++";
				CLANG_ENABLE_MODULES = YES;
				CLANG_ENABLE_OBJC_ARC = YES;
				CLANG_WARN_BOOL_CONVERSION = YES;
				CLANG_WARN_CONSTANT_CONVERSION = YES;
				CLANG_WARN_DIRECT_OBJC_ISA_USAGE = YES_ERROR;
				CLANG_WARN_DOCUMENTATION_COMMENTS = YES;
				CLANG_WARN_EMPTY_BODY = YES;
				CLANG_WARN_ENUM_CONVERSION = YES;
				CLANG_WARN_INFINITE_RECURSION = YES;
				CLANG_WARN_INT_CONVERSION = YES;
				CLANG_WARN_OBJC_ROOT_CLASS = YES_ERROR;
				CLANG_WARN_SUSPICIOUS_MOVE = YES;
				CLANG_WARN_UNREACHABLE_CODE = YES;
				CLANG_WARN__DUPLICATE_METHOD_MATCH = YES;
				"CODE_SIGN_IDENTITY[sdk=iphoneos*]" = "iPhone Developer";
				COPY_PHASE_STRIP = NO;
				DEBUG_INFORMATION_FORMAT = "dwarf-with-dsym";
				ENABLE_NS_ASSERTIONS = NO;
				ENABLE_STRICT_OBJC_MSGSEND = YES;
				GCC_C_LANGUAGE_STANDARD = gnu99;
				GCC_NO_COMMON_BLOCKS = YES;
				GCC_WARN_64_TO_32_BIT_CONVERSION = YES;
				GCC_WARN_ABOUT_RETURN_TYPE = YES_ERROR;
				GCC_WARN_UNDECLARED_SELECTOR = YES;
				GCC_WARN_UNINITIALIZED_AUTOS = YES_AGGRESSIVE;
				GCC_WARN_UNUSED_FUNCTION = YES;
				GCC_WARN_UNUSED_VARIABLE = YES;
				IPHONEOS_DEPLOYMENT_TARGET = 10.2;
				MTL_ENABLE_DEBUG_INFO = NO;
				SDKROOT = iphoneos;
				SWIFT_OPTIMIZATION_LEVEL = "-Owholemodule";
				TARGETED_DEVICE_FAMILY = "1,2";
				VALIDATE_PRODUCT = YES;
			};
			name = Release;
		};
		B68243221E58E1CB0011350B /* Debug */ = {
			isa = XCBuildConfiguration;
			buildSettings = {
				ASSETCATALOG_COMPILER_APPICON_NAME = AppIcon;
				DEVELOPMENT_TEAM = 6SS93B87P2;
				INFOPLIST_FILE = KozMonitor/Info.plist;
				LD_RUNPATH_SEARCH_PATHS = "$(inherited) @executable_path/Frameworks";
				PRODUCT_BUNDLE_IDENTIFIER = com.kozinga.KozMonitor;
				PRODUCT_NAME = "$(TARGET_NAME)";
				SWIFT_VERSION = 3.0;
			};
			name = Debug;
		};
		B68243231E58E1CB0011350B /* Release */ = {
			isa = XCBuildConfiguration;
			buildSettings = {
				ASSETCATALOG_COMPILER_APPICON_NAME = AppIcon;
				DEVELOPMENT_TEAM = 6SS93B87P2;
				INFOPLIST_FILE = KozMonitor/Info.plist;
				LD_RUNPATH_SEARCH_PATHS = "$(inherited) @executable_path/Frameworks";
				PRODUCT_BUNDLE_IDENTIFIER = com.kozinga.KozMonitor;
				PRODUCT_NAME = "$(TARGET_NAME)";
				SWIFT_VERSION = 3.0;
			};
			name = Release;
		};
/* End XCBuildConfiguration section */

/* Begin XCConfigurationList section */
		B682430A1E58E1CB0011350B /* Build configuration list for PBXProject "KozMonitor" */ = {
			isa = XCConfigurationList;
			buildConfigurations = (
				B682431F1E58E1CB0011350B /* Debug */,
				B68243201E58E1CB0011350B /* Release */,
			);
			defaultConfigurationIsVisible = 0;
			defaultConfigurationName = Release;
		};
		B68243211E58E1CB0011350B /* Build configuration list for PBXNativeTarget "KozMonitor" */ = {
			isa = XCConfigurationList;
			buildConfigurations = (
				B68243221E58E1CB0011350B /* Debug */,
				B68243231E58E1CB0011350B /* Release */,
			);
			defaultConfigurationIsVisible = 0;
			defaultConfigurationName = Release;
		};
/* End XCConfigurationList section */

/* Begin XCVersionGroup section */
		B68243641E5AB9300011350B /* Model.xcdatamodeld */ = {
			isa = XCVersionGroup;
			children = (
				B68243651E5AB9300011350B /* Model.xcdatamodel */,
			);
			currentVersion = B68243651E5AB9300011350B /* Model.xcdatamodel */;
			path = Model.xcdatamodeld;
			sourceTree = "<group>";
			versionGroupType = wrapper.xcdatamodel;
		};
/* End XCVersionGroup section */
	};
	rootObject = B68243071E58E1CB0011350B /* Project object */;
}
